
Microsoft Visual Studio Solution File, Format Version 12.00
# Visual Studio Version 17
VisualStudioVersion = 17.4.33110.190
MinimumVisualStudioVersion = 10.0.40219.1
Project("{FAE04EC0-301F-11D3-BF4B-00C04F79EFBC}") = "GameHub-SharpCoders", "GameHub-SharpCoders.csproj", "{29EE61AE-AB2C-4F74-A941-CC3F4E51037C}"
EndProject
Global
	GlobalSection(SolutionConfigurationPlatforms) = preSolution
		Debug|Any CPU = Debug|Any CPU
		Release|Any CPU = Release|Any CPU
	EndGlobalSection
	GlobalSection(ProjectConfigurationPlatforms) = postSolution
		{29EE61AE-AB2C-4F74-A941-CC3F4E51037C}.Debug|Any CPU.ActiveCfg = Debug|Any CPU
		{29EE61AE-AB2C-4F74-A941-CC3F4E51037C}.Debug|Any CPU.Build.0 = Debug|Any CPU
		{29EE61AE-AB2C-4F74-A941-CC3F4E51037C}.Release|Any CPU.ActiveCfg = Release|Any CPU
		{29EE61AE-AB2C-4F74-A941-CC3F4E51037C}.Release|Any CPU.Build.0 = Release|Any CPU
	EndGlobalSection
	GlobalSection(SolutionProperties) = preSolution
		HideSolutionNode = FALSE
	EndGlobalSection
	GlobalSection(ExtensibilityGlobals) = postSolution
		SolutionGuid = {393192EE-FDD1-4D3C-82B6-EFA8A5115FD0}
	EndGlobalSection
EndGlobal
